
Microsoft Visual Studio Solution File, Format Version 10.00
# Visual Studio 2008
Project("{FAE04EC0-301F-11D3-BF4B-00C04F79EFBC}") = "PocketToot", "PocketToot\PocketToot.csproj", "{1E346313-8D72-44DE-AFDE-0D21CE2FCB4C}"
EndProject
Project("{FAE04EC0-301F-11D3-BF4B-00C04F79EFBC}") = "PocketToot.Core", "PocketToot.Core\PocketToot.Core.csproj", "{A20F504D-7173-4954-8E6A-709A46E44DAF}"
EndProject
Project("{2150E333-8FDC-42A3-9474-1A3956D46DE8}") = "Solution Items", "Solution Items", "{460ABE83-875A-4B25-B16D-36945C6763F8}"
	ProjectSection(SolutionItems) = preProject
		LICENSE.txt = LICENSE.txt
		README.md = README.md
	EndProjectSection
EndProject
Project("{B900F1C2-3D47-4FEC-85B3-04AAF18C3634}") = "PocketToot.Deploy", "PocketToot.Deploy\PocketToot.Deploy.vddproj", "{D7B23740-997D-4C02-B1F3-B6DB97DB078F}"
EndProject
Global
	GlobalSection(SolutionConfigurationPlatforms) = preSolution
		Debug|Any CPU = Debug|Any CPU
		Release|Any CPU = Release|Any CPU
	EndGlobalSection
	GlobalSection(ProjectConfigurationPlatforms) = postSolution
		{1E346313-8D72-44DE-AFDE-0D21CE2FCB4C}.Debug|Any CPU.ActiveCfg = Debug|Any CPU
		{1E346313-8D72-44DE-AFDE-0D21CE2FCB4C}.Debug|Any CPU.Build.0 = Debug|Any CPU
		{1E346313-8D72-44DE-AFDE-0D21CE2FCB4C}.Debug|Any CPU.Deploy.0 = Debug|Any CPU
		{1E346313-8D72-44DE-AFDE-0D21CE2FCB4C}.Release|Any CPU.ActiveCfg = Release|Any CPU
		{1E346313-8D72-44DE-AFDE-0D21CE2FCB4C}.Release|Any CPU.Build.0 = Release|Any CPU
		{1E346313-8D72-44DE-AFDE-0D21CE2FCB4C}.Release|Any CPU.Deploy.0 = Release|Any CPU
		{A20F504D-7173-4954-8E6A-709A46E44DAF}.Debug|Any CPU.ActiveCfg = Debug|Any CPU
		{A20F504D-7173-4954-8E6A-709A46E44DAF}.Debug|Any CPU.Build.0 = Debug|Any CPU
		{A20F504D-7173-4954-8E6A-709A46E44DAF}.Release|Any CPU.ActiveCfg = Release|Any CPU
		{A20F504D-7173-4954-8E6A-709A46E44DAF}.Release|Any CPU.Build.0 = Release|Any CPU
		{D7B23740-997D-4C02-B1F3-B6DB97DB078F}.Debug|Any CPU.ActiveCfg = Debug
		{D7B23740-997D-4C02-B1F3-B6DB97DB078F}.Release|Any CPU.ActiveCfg = Release
	EndGlobalSection
	GlobalSection(SolutionProperties) = preSolution
		HideSolutionNode = FALSE
	EndGlobalSection
EndGlobal
